
Microsoft Visual Studio Solution File, Format Version 12.00
# Visual Studio Version 16
VisualStudioVersion = 16.0.34031.81
MinimumVisualStudioVersion = 10.0.40219.1
Project("{FAE04EC0-301F-11D3-BF4B-00C04F79EFBC}") = "DLP-Inventory", "DLP-Inventory\DLP-Inventory.csproj", "{0365155A-3D64-4189-B3A2-CF3A5C82E9F5}"
EndProject
Global
	GlobalSection(SolutionConfigurationPlatforms) = preSolution
		Debug|Any CPU = Debug|Any CPU
		Release|Any CPU = Release|Any CPU
	EndGlobalSection
	GlobalSection(ProjectConfigurationPlatforms) = postSolution
		{0365155A-3D64-4189-B3A2-CF3A5C82E9F5}.Debug|Any CPU.ActiveCfg = Debug|Any CPU
		{0365155A-3D64-4189-B3A2-CF3A5C82E9F5}.Debug|Any CPU.Build.0 = Debug|Any CPU
		{0365155A-3D64-4189-B3A2-CF3A5C82E9F5}.Release|Any CPU.ActiveCfg = Release|Any CPU
		{0365155A-3D64-4189-B3A2-CF3A5C82E9F5}.Release|Any CPU.Build.0 = Release|Any CPU
	EndGlobalSection
	GlobalSection(SolutionProperties) = preSolution
		HideSolutionNode = FALSE
	EndGlobalSection
	GlobalSection(ExtensibilityGlobals) = postSolution
		SolutionGuid = {4D918A85-04D4-4883-AB3A-3B10F6B853B8}
	EndGlobalSection
EndGlobal
